// !$*UTF8*$!
{
	archiveVersion = 1;
	classes = {
	};
	objectVersion = 56;
	objects = {

/* Begin PBXBuildFile section */
		A0555FCD2BF21E0300564608 /* main.swift in Sources */ = {isa = PBXBuildFile; fileRef = A0555FCC2BF21E0300564608 /* main.swift */; };
/* End PBXBuildFile section */

/* Begin PBXCopyFilesBuildPhase section */
		A0D3BDC22BE27A15008B891A /* CopyFiles */ = {
			isa = PBXCopyFilesBuildPhase;
			buildActionMask = 2147483647;
			dstPath = /usr/share/man/man1/;
			dstSubfolderSpec = 0;
			files = (
			);
			runOnlyForDeploymentPostprocessing = 1;
		};
/* End PBXCopyFilesBuildPhase section */

/* Begin PBXFileReference section */
		A0555FB82BEA366500564608 /* main.swift */ = {isa = PBXFileReference; lastKnownFileType = sourcecode.swift; path = main.swift; sourceTree = "<group>"; };
		A0555FBB2BEBB48000564608 /* main.swift */ = {isa = PBXFileReference; lastKnownFileType = sourcecode.swift; path = main.swift; sourceTree = "<group>"; };
		A0555FBF2BECE5D000564608 /* main.swift */ = {isa = PBXFileReference; lastKnownFileType = sourcecode.swift; path = main.swift; sourceTree = "<group>"; };
		A0555FC22BEE334400564608 /* main.swift */ = {isa = PBXFileReference; lastKnownFileType = sourcecode.swift; path = main.swift; sourceTree = "<group>"; };
		A0555FC62BEFA02300564608 /* main.swift */ = {isa = PBXFileReference; lastKnownFileType = sourcecode.swift; path = main.swift; sourceTree = "<group>"; };
		A0555FC92BF1072200564608 /* main.swift */ = {isa = PBXFileReference; lastKnownFileType = sourcecode.swift; path = main.swift; sourceTree = "<group>"; };
		A0555FCC2BF21E0300564608 /* main.swift */ = {isa = PBXFileReference; lastKnownFileType = sourcecode.swift; path = main.swift; sourceTree = "<group>"; };
		A055C5A92BE281390069ACB7 /* main.swift */ = {isa = PBXFileReference; lastKnownFileType = sourcecode.swift; path = main.swift; sourceTree = "<group>"; };
		A055C5AD2BE4DAF10069ACB7 /* main.swift */ = {isa = PBXFileReference; lastKnownFileType = sourcecode.swift; path = main.swift; sourceTree = "<group>"; };
		A055C5B02BE67F920069ACB7 /* main.swift */ = {isa = PBXFileReference; lastKnownFileType = sourcecode.swift; path = main.swift; sourceTree = "<group>"; };
		A055C5B32BE8F2060069ACB7 /* main.swift */ = {isa = PBXFileReference; lastKnownFileType = sourcecode.swift; path = main.swift; sourceTree = "<group>"; };
		A0D3BDC42BE27A15008B891A /* AlgorithmWithSwift */ = {isa = PBXFileReference; explicitFileType = "compiled.mach-o.executable"; includeInIndex = 0; path = AlgorithmWithSwift; sourceTree = BUILT_PRODUCTS_DIR; };
		A0D3BDC72BE27A15008B891A /* main.swift */ = {isa = PBXFileReference; lastKnownFileType = sourcecode.swift; path = main.swift; sourceTree = "<group>"; };
/* End PBXFileReference section */

/* Begin PBXFrameworksBuildPhase section */
		A0D3BDC12BE27A15008B891A /* Frameworks */ = {
			isa = PBXFrameworksBuildPhase;
			buildActionMask = 2147483647;
			files = (
			);
			runOnlyForDeploymentPostprocessing = 0;
		};
/* End PBXFrameworksBuildPhase section */

/* Begin PBXGroup section */
		A0555FB72BEA365900564608 /* 2609 */ = {
			isa = PBXGroup;
			children = (
				A0555FB82BEA366500564608 /* main.swift */,
			);
			path = 2609;
			sourceTree = "<group>";
		};
		A0555FBA2BEBB47200564608 /* 1978 */ = {
			isa = PBXGroup;
			children = (
				A0555FBB2BEBB48000564608 /* main.swift */,
			);
			path = 1978;
			sourceTree = "<group>";
		};
		A0555FBE2BECE5B300564608 /* 1929 */ = {
			isa = PBXGroup;
			children = (
				A0555FBF2BECE5D000564608 /* main.swift */,
			);
			path = 1929;
			sourceTree = "<group>";
		};
		A0555FC12BEE332D00564608 /* 6588 */ = {
			isa = PBXGroup;
			children = (
				A0555FC22BEE334400564608 /* main.swift */,
			);
			path = 6588;
			sourceTree = "<group>";
		};
		A0555FC42BEF9D6800564608 /* BruteForce */ = {
			isa = PBXGroup;
			children = (
				A0555FCB2BF21DFB00564608 /* 1476 */,
				A0555FC82BF1071400564608 /* 3085 */,
				A0555FC52BEFA01500564608 /* 2309 */,
			);
			path = BruteForce;
			sourceTree = "<group>";
		};
		A0555FC52BEFA01500564608 /* 2309 */ = {
			isa = PBXGroup;
			children = (
				A0555FC62BEFA02300564608 /* main.swift */,
			);
			path = 2309;
			sourceTree = "<group>";
		};
		A0555FC82BF1071400564608 /* 3085 */ = {
			isa = PBXGroup;
			children = (
				A0555FC92BF1072200564608 /* main.swift */,
			);
			path = 3085;
			sourceTree = "<group>";
		};
		A0555FCB2BF21DFB00564608 /* 1476 */ = {
			isa = PBXGroup;
			children = (
				A0555FCC2BF21E0300564608 /* main.swift */,
			);
			path = 1476;
			sourceTree = "<group>";
		};
		A055C5A72BE27FF20069ACB7 /* 10430 */ = {
			isa = PBXGroup;
			children = (
				A0D3BDC72BE27A15008B891A /* main.swift */,
			);
			path = 10430;
			sourceTree = "<group>";
		};
		A055C5A82BE2811B0069ACB7 /* 4375 */ = {
			isa = PBXGroup;
			children = (
				A055C5A92BE281390069ACB7 /* main.swift */,
			);
			path = 4375;
			sourceTree = "<group>";
		};
		A055C5AB2BE282780069ACB7 /* Math */ = {
			isa = PBXGroup;
			children = (
				A0555FC12BEE332D00564608 /* 6588 */,
				A0555FBE2BECE5B300564608 /* 1929 */,
				A0555FBA2BEBB47200564608 /* 1978 */,
				A0555FB72BEA365900564608 /* 2609 */,
				A055C5B22BE8F1E60069ACB7 /* 17425 */,
				A055C5AF2BE67F680069ACB7 /* 17427 */,
				A055C5AC2BE4DACC0069ACB7 /* 1037 */,
				A055C5A72BE27FF20069ACB7 /* 10430 */,
				A055C5A82BE2811B0069ACB7 /* 4375 */,
			);
			path = Math;
			sourceTree = "<group>";
		};
		A055C5AC2BE4DACC0069ACB7 /* 1037 */ = {
			isa = PBXGroup;
			children = (
				A055C5AD2BE4DAF10069ACB7 /* main.swift */,
			);
			path = 1037;
			sourceTree = "<group>";
		};
		A055C5AF2BE67F680069ACB7 /* 17427 */ = {
			isa = PBXGroup;
			children = (
				A055C5B02BE67F920069ACB7 /* main.swift */,
			);
			path = 17427;
			sourceTree = "<group>";
		};
		A055C5B22BE8F1E60069ACB7 /* 17425 */ = {
			isa = PBXGroup;
			children = (
				A055C5B32BE8F2060069ACB7 /* main.swift */,
			);
			path = 17425;
			sourceTree = "<group>";
		};
		A0D3BDBB2BE27A15008B891A = {
			isa = PBXGroup;
			children = (
				A0D3BDC62BE27A15008B891A /* AlgorithmWithSwift */,
				A0D3BDC52BE27A15008B891A /* Products */,
			);
			sourceTree = "<group>";
		};
		A0D3BDC52BE27A15008B891A /* Products */ = {
			isa = PBXGroup;
			children = (
				A0D3BDC42BE27A15008B891A /* AlgorithmWithSwift */,
			);
			name = Products;
			sourceTree = "<group>";
		};
		A0D3BDC62BE27A15008B891A /* AlgorithmWithSwift */ = {
			isa = PBXGroup;
			children = (
				A0D3BDCE2BE27ADB008B891A /* BOJ */,
			);
			path = AlgorithmWithSwift;
			sourceTree = "<group>";
		};
		A0D3BDCE2BE27ADB008B891A /* BOJ */ = {
			isa = PBXGroup;
			children = (
				A0D3BDCF2BE27B40008B891A /* Basics */,
			);
			path = BOJ;
			sourceTree = "<group>";
		};
		A0D3BDCF2BE27B40008B891A /* Basics */ = {
			isa = PBXGroup;
			children = (
				A0555FC42BEF9D6800564608 /* BruteForce */,
				A055C5AB2BE282780069ACB7 /* Math */,
			);
			path = Basics;
			sourceTree = "<group>";
		};
/* End PBXGroup section */

/* Begin PBXNativeTarget section */
		A0D3BDC32BE27A15008B891A /* AlgorithmWithSwift */ = {
			isa = PBXNativeTarget;
			buildConfigurationList = A0D3BDCB2BE27A15008B891A /* Build configuration list for PBXNativeTarget "AlgorithmWithSwift" */;
			buildPhases = (
				A0D3BDC02BE27A15008B891A /* Sources */,
				A0D3BDC12BE27A15008B891A /* Frameworks */,
				A0D3BDC22BE27A15008B891A /* CopyFiles */,
			);
			buildRules = (
			);
			dependencies = (
			);
			name = AlgorithmWithSwift;
			productName = AlgorithmWithSwift;
			productReference = A0D3BDC42BE27A15008B891A /* AlgorithmWithSwift */;
			productType = "com.apple.product-type.tool";
		};
/* End PBXNativeTarget section */

/* Begin PBXProject section */
		A0D3BDBC2BE27A15008B891A /* Project object */ = {
			isa = PBXProject;
			attributes = {
				BuildIndependentTargetsInParallel = 1;
				LastSwiftUpdateCheck = 1530;
				LastUpgradeCheck = 1530;
				TargetAttributes = {
					A0D3BDC32BE27A15008B891A = {
						CreatedOnToolsVersion = 15.3;
						LastSwiftMigration = 1530;
					};
				};
			};
			buildConfigurationList = A0D3BDBF2BE27A15008B891A /* Build configuration list for PBXProject "AlgorithmWithSwift" */;
			compatibilityVersion = "Xcode 14.0";
			developmentRegion = en;
			hasScannedForEncodings = 0;
			knownRegions = (
				en,
				Base,
			);
			mainGroup = A0D3BDBB2BE27A15008B891A;
			productRefGroup = A0D3BDC52BE27A15008B891A /* Products */;
			projectDirPath = "";
			projectRoot = "";
			targets = (
				A0D3BDC32BE27A15008B891A /* AlgorithmWithSwift */,
			);
		};
/* End PBXProject section */

/* Begin PBXSourcesBuildPhase section */
		A0D3BDC02BE27A15008B891A /* Sources */ = {
			isa = PBXSourcesBuildPhase;
			buildActionMask = 2147483647;
			files = (
				A0555FCD2BF21E0300564608 /* main.swift in Sources */,
			);
			runOnlyForDeploymentPostprocessing = 0;
		};
/* End PBXSourcesBuildPhase section */

/* Begin XCBuildConfiguration section */
		A0D3BDC92BE27A15008B891A /* Debug */ = {
			isa = XCBuildConfiguration;
			buildSettings = {
				ALWAYS_SEARCH_USER_PATHS = NO;
				ASSETCATALOG_COMPILER_GENERATE_SWIFT_ASSET_SYMBOL_EXTENSIONS = YES;
				CLANG_ANALYZER_NONNULL = YES;
				CLANG_ANALYZER_NUMBER_OBJECT_CONVERSION = YES_AGGRESSIVE;
				CLANG_CXX_LANGUAGE_STANDARD = "gnu++20";
				CLANG_ENABLE_MODULES = YES;
				CLANG_ENABLE_OBJC_ARC = YES;
				CLANG_ENABLE_OBJC_WEAK = YES;
				CLANG_WARN_BLOCK_CAPTURE_AUTORELEASING = YES;
				CLANG_WARN_BOOL_CONVERSION = YES;
				CLANG_WARN_COMMA = YES;
				CLANG_WARN_CONSTANT_CONVERSION = YES;
				CLANG_WARN_DEPRECATED_OBJC_IMPLEMENTATIONS = YES;
				CLANG_WARN_DIRECT_OBJC_ISA_USAGE = YES_ERROR;
				CLANG_WARN_DOCUMENTATION_COMMENTS = YES;
				CLANG_WARN_EMPTY_BODY = YES;
				CLANG_WARN_ENUM_CONVERSION = YES;
				CLANG_WARN_INFINITE_RECURSION = YES;
				CLANG_WARN_INT_CONVERSION = YES;
				CLANG_WARN_NON_LITERAL_NULL_CONVERSION = YES;
				CLANG_WARN_OBJC_IMPLICIT_RETAIN_SELF = YES;
				CLANG_WARN_OBJC_LITERAL_CONVERSION = YES;
				CLANG_WARN_OBJC_ROOT_CLASS = YES_ERROR;
				CLANG_WARN_QUOTED_INCLUDE_IN_FRAMEWORK_HEADER = YES;
				CLANG_WARN_RANGE_LOOP_ANALYSIS = YES;
				CLANG_WARN_STRICT_PROTOTYPES = YES;
				CLANG_WARN_SUSPICIOUS_MOVE = YES;
				CLANG_WARN_UNGUARDED_AVAILABILITY = YES_AGGRESSIVE;
				CLANG_WARN_UNREACHABLE_CODE = YES;
				CLANG_WARN__DUPLICATE_METHOD_MATCH = YES;
				COPY_PHASE_STRIP = NO;
				DEBUG_INFORMATION_FORMAT = dwarf;
				ENABLE_STRICT_OBJC_MSGSEND = YES;
				ENABLE_TESTABILITY = YES;
				ENABLE_USER_SCRIPT_SANDBOXING = YES;
				GCC_C_LANGUAGE_STANDARD = gnu17;
				GCC_DYNAMIC_NO_PIC = NO;
				GCC_NO_COMMON_BLOCKS = YES;
				GCC_OPTIMIZATION_LEVEL = 0;
				GCC_PREPROCESSOR_DEFINITIONS = (
					"DEBUG=1",
					"$(inherited)",
				);
				GCC_WARN_64_TO_32_BIT_CONVERSION = YES;
				GCC_WARN_ABOUT_RETURN_TYPE = YES_ERROR;
				GCC_WARN_UNDECLARED_SELECTOR = YES;
				GCC_WARN_UNINITIALIZED_AUTOS = YES_AGGRESSIVE;
				GCC_WARN_UNUSED_FUNCTION = YES;
				GCC_WARN_UNUSED_VARIABLE = YES;
				LOCALIZATION_PREFERS_STRING_CATALOGS = YES;
				MACOSX_DEPLOYMENT_TARGET = 14.4;
				MTL_ENABLE_DEBUG_INFO = INCLUDE_SOURCE;
				MTL_FAST_MATH = YES;
				ONLY_ACTIVE_ARCH = YES;
				SDKROOT = macosx;
				SWIFT_ACTIVE_COMPILATION_CONDITIONS = "DEBUG $(inherited)";
				SWIFT_OPTIMIZATION_LEVEL = "-Onone";
			};
			name = Debug;
		};
		A0D3BDCA2BE27A15008B891A /* Release */ = {
			isa = XCBuildConfiguration;
			buildSettings = {
				ALWAYS_SEARCH_USER_PATHS = NO;
				ASSETCATALOG_COMPILER_GENERATE_SWIFT_ASSET_SYMBOL_EXTENSIONS = YES;
				CLANG_ANALYZER_NONNULL = YES;
				CLANG_ANALYZER_NUMBER_OBJECT_CONVERSION = YES_AGGRESSIVE;
				CLANG_CXX_LANGUAGE_STANDARD = "gnu++20";
				CLANG_ENABLE_MODULES = YES;
				CLANG_ENABLE_OBJC_ARC = YES;
				CLANG_ENABLE_OBJC_WEAK = YES;
				CLANG_WARN_BLOCK_CAPTURE_AUTORELEASING = YES;
				CLANG_WARN_BOOL_CONVERSION = YES;
				CLANG_WARN_COMMA = YES;
				CLANG_WARN_CONSTANT_CONVERSION = YES;
				CLANG_WARN_DEPRECATED_OBJC_IMPLEMENTATIONS = YES;
				CLANG_WARN_DIRECT_OBJC_ISA_USAGE = YES_ERROR;
				CLANG_WARN_DOCUMENTATION_COMMENTS = YES;
				CLANG_WARN_EMPTY_BODY = YES;
				CLANG_WARN_ENUM_CONVERSION = YES;
				CLANG_WARN_INFINITE_RECURSION = YES;
				CLANG_WARN_INT_CONVERSION = YES;
				CLANG_WARN_NON_LITERAL_NULL_CONVERSION = YES;
				CLANG_WARN_OBJC_IMPLICIT_RETAIN_SELF = YES;
				CLANG_WARN_OBJC_LITERAL_CONVERSION = YES;
				CLANG_WARN_OBJC_ROOT_CLASS = YES_ERROR;
				CLANG_WARN_QUOTED_INCLUDE_IN_FRAMEWORK_HEADER = YES;
				CLANG_WARN_RANGE_LOOP_ANALYSIS = YES;
				CLANG_WARN_STRICT_PROTOTYPES = YES;
				CLANG_WARN_SUSPICIOUS_MOVE = YES;
				CLANG_WARN_UNGUARDED_AVAILABILITY = YES_AGGRESSIVE;
				CLANG_WARN_UNREACHABLE_CODE = YES;
				CLANG_WARN__DUPLICATE_METHOD_MATCH = YES;
				COPY_PHASE_STRIP = NO;
				DEBUG_INFORMATION_FORMAT = "dwarf-with-dsym";
				ENABLE_NS_ASSERTIONS = NO;
				ENABLE_STRICT_OBJC_MSGSEND = YES;
				ENABLE_USER_SCRIPT_SANDBOXING = YES;
				GCC_C_LANGUAGE_STANDARD = gnu17;
				GCC_NO_COMMON_BLOCKS = YES;
				GCC_WARN_64_TO_32_BIT_CONVERSION = YES;
				GCC_WARN_ABOUT_RETURN_TYPE = YES_ERROR;
				GCC_WARN_UNDECLARED_SELECTOR = YES;
				GCC_WARN_UNINITIALIZED_AUTOS = YES_AGGRESSIVE;
				GCC_WARN_UNUSED_FUNCTION = YES;
				GCC_WARN_UNUSED_VARIABLE = YES;
				LOCALIZATION_PREFERS_STRING_CATALOGS = YES;
				MACOSX_DEPLOYMENT_TARGET = 14.4;
				MTL_ENABLE_DEBUG_INFO = NO;
				MTL_FAST_MATH = YES;
				SDKROOT = macosx;
				SWIFT_COMPILATION_MODE = wholemodule;
			};
			name = Release;
		};
		A0D3BDCC2BE27A15008B891A /* Debug */ = {
			isa = XCBuildConfiguration;
			buildSettings = {
				CLANG_ENABLE_MODULES = YES;
				CODE_SIGN_STYLE = Automatic;
				DEVELOPMENT_TEAM = YXHCDG4N3M;
				ENABLE_HARDENED_RUNTIME = YES;
				PRODUCT_NAME = "$(TARGET_NAME)";
				SWIFT_OPTIMIZATION_LEVEL = "-Onone";
				SWIFT_VERSION = 5.0;
			};
			name = Debug;
		};
		A0D3BDCD2BE27A15008B891A /* Release */ = {
			isa = XCBuildConfiguration;
			buildSettings = {
				CLANG_ENABLE_MODULES = YES;
				CODE_SIGN_STYLE = Automatic;
				DEVELOPMENT_TEAM = YXHCDG4N3M;
				ENABLE_HARDENED_RUNTIME = YES;
				PRODUCT_NAME = "$(TARGET_NAME)";
				SWIFT_VERSION = 5.0;
			};
			name = Release;
		};
/* End XCBuildConfiguration section */

/* Begin XCConfigurationList section */
		A0D3BDBF2BE27A15008B891A /* Build configuration list for PBXProject "AlgorithmWithSwift" */ = {
			isa = XCConfigurationList;
			buildConfigurations = (
				A0D3BDC92BE27A15008B891A /* Debug */,
				A0D3BDCA2BE27A15008B891A /* Release */,
			);
			defaultConfigurationIsVisible = 0;
			defaultConfigurationName = Release;
		};
		A0D3BDCB2BE27A15008B891A /* Build configuration list for PBXNativeTarget "AlgorithmWithSwift" */ = {
			isa = XCConfigurationList;
			buildConfigurations = (
				A0D3BDCC2BE27A15008B891A /* Debug */,
				A0D3BDCD2BE27A15008B891A /* Release */,
			);
			defaultConfigurationIsVisible = 0;
			defaultConfigurationName = Release;
		};
/* End XCConfigurationList section */
	};
	rootObject = A0D3BDBC2BE27A15008B891A /* Project object */;
}
